
Microsoft Visual Studio Solution File, Format Version 12.00
# Visual Studio 15
VisualStudioVersion = 15.0.27130.2036
MinimumVisualStudioVersion = 10.0.40219.1
Project("{8BC9CEB8-8B4A-11D0-8D11-00A0C91BC942}") = "lab6_pb3", "lab6_pb3\lab6_pb3.vcxproj", "{357D6FB4-B961-4BA1-A919-F497B033267A}"
EndProject
Global
	GlobalSection(SolutionConfigurationPlatforms) = preSolution
		Debug|x64 = Debug|x64
		Debug|x86 = Debug|x86
		Release|x64 = Release|x64
		Release|x86 = Release|x86
	EndGlobalSection
	GlobalSection(ProjectConfigurationPlatforms) = postSolution
		{357D6FB4-B961-4BA1-A919-F497B033267A}.Debug|x64.ActiveCfg = Debug|x64
		{357D6FB4-B961-4BA1-A919-F497B033267A}.Debug|x64.Build.0 = Debug|x64
		{357D6FB4-B961-4BA1-A919-F497B033267A}.Debug|x86.ActiveCfg = Debug|Win32
		{357D6FB4-B961-4BA1-A919-F497B033267A}.Debug|x86.Build.0 = Debug|Win32
		{357D6FB4-B961-4BA1-A919-F497B033267A}.Release|x64.ActiveCfg = Release|x64
		{357D6FB4-B961-4BA1-A919-F497B033267A}.Release|x64.Build.0 = Release|x64
		{357D6FB4-B961-4BA1-A919-F497B033267A}.Release|x86.ActiveCfg = Release|Win32
		{357D6FB4-B961-4BA1-A919-F497B033267A}.Release|x86.Build.0 = Release|Win32
	EndGlobalSection
	GlobalSection(SolutionProperties) = preSolution
		HideSolutionNode = FALSE
	EndGlobalSection
	GlobalSection(ExtensibilityGlobals) = postSolution
		SolutionGuid = {42C625FC-0C3F-42ED-A665-4DA8CB0FCB43}
	EndGlobalSection
EndGlobal
