
Microsoft Visual Studio Solution File, Format Version 12.00
# Visual Studio 15
VisualStudioVersion = 15.0.27130.2036
MinimumVisualStudioVersion = 10.0.40219.1
Project("{8BC9CEB8-8B4A-11D0-8D11-00A0C91BC942}") = "lab2_pb8", "lab2_pb8\lab2_pb8.vcxproj", "{BEB7731A-05A5-4B27-A91A-AA9B34B72DD6}"
EndProject
Global
	GlobalSection(SolutionConfigurationPlatforms) = preSolution
		Debug|x64 = Debug|x64
		Debug|x86 = Debug|x86
		Release|x64 = Release|x64
		Release|x86 = Release|x86
	EndGlobalSection
	GlobalSection(ProjectConfigurationPlatforms) = postSolution
		{BEB7731A-05A5-4B27-A91A-AA9B34B72DD6}.Debug|x64.ActiveCfg = Debug|x64
		{BEB7731A-05A5-4B27-A91A-AA9B34B72DD6}.Debug|x64.Build.0 = Debug|x64
		{BEB7731A-05A5-4B27-A91A-AA9B34B72DD6}.Debug|x86.ActiveCfg = Debug|Win32
		{BEB7731A-05A5-4B27-A91A-AA9B34B72DD6}.Debug|x86.Build.0 = Debug|Win32
		{BEB7731A-05A5-4B27-A91A-AA9B34B72DD6}.Release|x64.ActiveCfg = Release|x64
		{BEB7731A-05A5-4B27-A91A-AA9B34B72DD6}.Release|x64.Build.0 = Release|x64
		{BEB7731A-05A5-4B27-A91A-AA9B34B72DD6}.Release|x86.ActiveCfg = Release|Win32
		{BEB7731A-05A5-4B27-A91A-AA9B34B72DD6}.Release|x86.Build.0 = Release|Win32
	EndGlobalSection
	GlobalSection(SolutionProperties) = preSolution
		HideSolutionNode = FALSE
	EndGlobalSection
	GlobalSection(ExtensibilityGlobals) = postSolution
		SolutionGuid = {00AE17D4-FC77-4876-BC55-1601ECA1852B}
	EndGlobalSection
EndGlobal
