
Microsoft Visual Studio Solution File, Format Version 12.00
# Visual Studio 15
VisualStudioVersion = 15.0.27130.2036
MinimumVisualStudioVersion = 10.0.40219.1
Project("{8BC9CEB8-8B4A-11D0-8D11-00A0C91BC942}") = "lab3_pb11", "lab3_pb11\lab3_pb11.vcxproj", "{06CD4DBC-D227-4B59-9AFD-BC0D685C8269}"
EndProject
Global
	GlobalSection(SolutionConfigurationPlatforms) = preSolution
		Debug|x64 = Debug|x64
		Debug|x86 = Debug|x86
		Release|x64 = Release|x64
		Release|x86 = Release|x86
	EndGlobalSection
	GlobalSection(ProjectConfigurationPlatforms) = postSolution
		{06CD4DBC-D227-4B59-9AFD-BC0D685C8269}.Debug|x64.ActiveCfg = Debug|x64
		{06CD4DBC-D227-4B59-9AFD-BC0D685C8269}.Debug|x64.Build.0 = Debug|x64
		{06CD4DBC-D227-4B59-9AFD-BC0D685C8269}.Debug|x86.ActiveCfg = Debug|Win32
		{06CD4DBC-D227-4B59-9AFD-BC0D685C8269}.Debug|x86.Build.0 = Debug|Win32
		{06CD4DBC-D227-4B59-9AFD-BC0D685C8269}.Release|x64.ActiveCfg = Release|x64
		{06CD4DBC-D227-4B59-9AFD-BC0D685C8269}.Release|x64.Build.0 = Release|x64
		{06CD4DBC-D227-4B59-9AFD-BC0D685C8269}.Release|x86.ActiveCfg = Release|Win32
		{06CD4DBC-D227-4B59-9AFD-BC0D685C8269}.Release|x86.Build.0 = Release|Win32
	EndGlobalSection
	GlobalSection(SolutionProperties) = preSolution
		HideSolutionNode = FALSE
	EndGlobalSection
	GlobalSection(ExtensibilityGlobals) = postSolution
		SolutionGuid = {C53AB2E5-F589-40C0-8642-9537A1687137}
	EndGlobalSection
EndGlobal
