
Microsoft Visual Studio Solution File, Format Version 12.00
# Visual Studio 15
VisualStudioVersion = 15.0.27130.2036
MinimumVisualStudioVersion = 10.0.40219.1
Project("{8BC9CEB8-8B4A-11D0-8D11-00A0C91BC942}") = "lab10_pb2", "lab10_pb2\lab10_pb2.vcxproj", "{DA5197E4-4937-4A42-B63C-1A550D5279DC}"
EndProject
Global
	GlobalSection(SolutionConfigurationPlatforms) = preSolution
		Debug|x64 = Debug|x64
		Debug|x86 = Debug|x86
		Release|x64 = Release|x64
		Release|x86 = Release|x86
	EndGlobalSection
	GlobalSection(ProjectConfigurationPlatforms) = postSolution
		{DA5197E4-4937-4A42-B63C-1A550D5279DC}.Debug|x64.ActiveCfg = Debug|x64
		{DA5197E4-4937-4A42-B63C-1A550D5279DC}.Debug|x64.Build.0 = Debug|x64
		{DA5197E4-4937-4A42-B63C-1A550D5279DC}.Debug|x86.ActiveCfg = Debug|Win32
		{DA5197E4-4937-4A42-B63C-1A550D5279DC}.Debug|x86.Build.0 = Debug|Win32
		{DA5197E4-4937-4A42-B63C-1A550D5279DC}.Release|x64.ActiveCfg = Release|x64
		{DA5197E4-4937-4A42-B63C-1A550D5279DC}.Release|x64.Build.0 = Release|x64
		{DA5197E4-4937-4A42-B63C-1A550D5279DC}.Release|x86.ActiveCfg = Release|Win32
		{DA5197E4-4937-4A42-B63C-1A550D5279DC}.Release|x86.Build.0 = Release|Win32
	EndGlobalSection
	GlobalSection(SolutionProperties) = preSolution
		HideSolutionNode = FALSE
	EndGlobalSection
	GlobalSection(ExtensibilityGlobals) = postSolution
		SolutionGuid = {CCCFDCC6-2386-4339-A28B-E491489045C6}
	EndGlobalSection
EndGlobal
