
Microsoft Visual Studio Solution File, Format Version 12.00
# Visual Studio 15
VisualStudioVersion = 15.0.27130.2036
MinimumVisualStudioVersion = 10.0.40219.1
Project("{8BC9CEB8-8B4A-11D0-8D11-00A0C91BC942}") = "lab10_pb5", "lab10_pb5\lab10_pb5.vcxproj", "{A8EB848D-CFB7-4D7D-806F-DECDFF2F80CE}"
EndProject
Global
	GlobalSection(SolutionConfigurationPlatforms) = preSolution
		Debug|x64 = Debug|x64
		Debug|x86 = Debug|x86
		Release|x64 = Release|x64
		Release|x86 = Release|x86
	EndGlobalSection
	GlobalSection(ProjectConfigurationPlatforms) = postSolution
		{A8EB848D-CFB7-4D7D-806F-DECDFF2F80CE}.Debug|x64.ActiveCfg = Debug|x64
		{A8EB848D-CFB7-4D7D-806F-DECDFF2F80CE}.Debug|x64.Build.0 = Debug|x64
		{A8EB848D-CFB7-4D7D-806F-DECDFF2F80CE}.Debug|x86.ActiveCfg = Debug|Win32
		{A8EB848D-CFB7-4D7D-806F-DECDFF2F80CE}.Debug|x86.Build.0 = Debug|Win32
		{A8EB848D-CFB7-4D7D-806F-DECDFF2F80CE}.Release|x64.ActiveCfg = Release|x64
		{A8EB848D-CFB7-4D7D-806F-DECDFF2F80CE}.Release|x64.Build.0 = Release|x64
		{A8EB848D-CFB7-4D7D-806F-DECDFF2F80CE}.Release|x86.ActiveCfg = Release|Win32
		{A8EB848D-CFB7-4D7D-806F-DECDFF2F80CE}.Release|x86.Build.0 = Release|Win32
	EndGlobalSection
	GlobalSection(SolutionProperties) = preSolution
		HideSolutionNode = FALSE
	EndGlobalSection
	GlobalSection(ExtensibilityGlobals) = postSolution
		SolutionGuid = {09FF2C90-15F2-4547-A4CC-B8B275F5ABCA}
	EndGlobalSection
EndGlobal
